
Microsoft Visual Studio Solution File, Format Version 12.00
# Visual Studio Version 16
VisualStudioVersion = 16.0.34407.143
MinimumVisualStudioVersion = 10.0.40219.1
Project("{FAE04EC0-301F-11D3-BF4B-00C04F79EFBC}") = "Problem 2 Analyzing Sorting Algorithms", "Problem 2 Analyzing Sorting Algorithms\Problem 2 Analyzing Sorting Algorithms.csproj", "{EC1D8B5D-6C4A-423E-9F05-929EDC9A1451}"
EndProject
Global
	GlobalSection(SolutionConfigurationPlatforms) = preSolution
		Debug|Any CPU = Debug|Any CPU
		Release|Any CPU = Release|Any CPU
	EndGlobalSection
	GlobalSection(ProjectConfigurationPlatforms) = postSolution
		{EC1D8B5D-6C4A-423E-9F05-929EDC9A1451}.Debug|Any CPU.ActiveCfg = Debug|Any CPU
		{EC1D8B5D-6C4A-423E-9F05-929EDC9A1451}.Debug|Any CPU.Build.0 = Debug|Any CPU
		{EC1D8B5D-6C4A-423E-9F05-929EDC9A1451}.Release|Any CPU.ActiveCfg = Release|Any CPU
		{EC1D8B5D-6C4A-423E-9F05-929EDC9A1451}.Release|Any CPU.Build.0 = Release|Any CPU
	EndGlobalSection
	GlobalSection(SolutionProperties) = preSolution
		HideSolutionNode = FALSE
	EndGlobalSection
	GlobalSection(ExtensibilityGlobals) = postSolution
		SolutionGuid = {17EA79B0-BABE-4DBE-9097-BF0356F4B835}
	EndGlobalSection
EndGlobal
